
Microsoft Visual Studio Solution File, Format Version 12.00
# Visual Studio Version 16
VisualStudioVersion = 25.0.1706.12
MinimumVisualStudioVersion = 10.0.40219.1
Project("{FAE04EC0-301F-11D3-BF4B-00C04F79EFBC}") = "EX_reference_type", "EX_reference_type\EX_reference_type.csproj", "{0FFB6694-33BD-45BB-873A-04CC6C4234A3}"
EndProject
Global
	GlobalSection(SolutionConfigurationPlatforms) = preSolution
		Debug|Any CPU = Debug|Any CPU
		Release|Any CPU = Release|Any CPU
	EndGlobalSection
	GlobalSection(ProjectConfigurationPlatforms) = postSolution
		{0FFB6694-33BD-45BB-873A-04CC6C4234A3}.Debug|Any CPU.ActiveCfg = Debug|Any CPU
		{0FFB6694-33BD-45BB-873A-04CC6C4234A3}.Debug|Any CPU.Build.0 = Debug|Any CPU
		{0FFB6694-33BD-45BB-873A-04CC6C4234A3}.Release|Any CPU.ActiveCfg = Release|Any CPU
		{0FFB6694-33BD-45BB-873A-04CC6C4234A3}.Release|Any CPU.Build.0 = Release|Any CPU
	EndGlobalSection
	GlobalSection(SolutionProperties) = preSolution
		HideSolutionNode = FALSE
	EndGlobalSection
	GlobalSection(ExtensibilityGlobals) = postSolution
		SolutionGuid = {34153F3B-8D3B-4122-ABD1-A2989F2C72E9}
	EndGlobalSection
EndGlobal
