
Microsoft Visual Studio Solution File, Format Version 12.00
# Visual Studio Version 16
VisualStudioVersion = 25.0.1706.12
MinimumVisualStudioVersion = 10.0.40219.1
Project("{FAE04EC0-301F-11D3-BF4B-00C04F79EFBC}") = "Ex_explicit_implicit_diff", "Ex_explicit_implicit_diff\Ex_explicit_implicit_diff.csproj", "{3879B4C5-F3F1-4C64-90A3-85F3B71AEC31}"
EndProject
Global
	GlobalSection(SolutionConfigurationPlatforms) = preSolution
		Debug|Any CPU = Debug|Any CPU
		Release|Any CPU = Release|Any CPU
	EndGlobalSection
	GlobalSection(ProjectConfigurationPlatforms) = postSolution
		{3879B4C5-F3F1-4C64-90A3-85F3B71AEC31}.Debug|Any CPU.ActiveCfg = Debug|Any CPU
		{3879B4C5-F3F1-4C64-90A3-85F3B71AEC31}.Debug|Any CPU.Build.0 = Debug|Any CPU
		{3879B4C5-F3F1-4C64-90A3-85F3B71AEC31}.Release|Any CPU.ActiveCfg = Release|Any CPU
		{3879B4C5-F3F1-4C64-90A3-85F3B71AEC31}.Release|Any CPU.Build.0 = Release|Any CPU
	EndGlobalSection
	GlobalSection(SolutionProperties) = preSolution
		HideSolutionNode = FALSE
	EndGlobalSection
	GlobalSection(ExtensibilityGlobals) = postSolution
		SolutionGuid = {483C339B-6828-4969-946F-5FA7627F0B7B}
	EndGlobalSection
EndGlobal
