
Microsoft Visual Studio Solution File, Format Version 12.00
# Visual Studio Version 16
VisualStudioVersion = 25.0.1706.12
MinimumVisualStudioVersion = 10.0.40219.1
Project("{FAE04EC0-301F-11D3-BF4B-00C04F79EFBC}") = "Ex_silnia", "Ex_silnia\Ex_silnia.csproj", "{F247F8BA-22D1-4624-B5A0-F27317AFF697}"
EndProject
Global
	GlobalSection(SolutionConfigurationPlatforms) = preSolution
		Debug|Any CPU = Debug|Any CPU
		Release|Any CPU = Release|Any CPU
	EndGlobalSection
	GlobalSection(ProjectConfigurationPlatforms) = postSolution
		{F247F8BA-22D1-4624-B5A0-F27317AFF697}.Debug|Any CPU.ActiveCfg = Debug|Any CPU
		{F247F8BA-22D1-4624-B5A0-F27317AFF697}.Debug|Any CPU.Build.0 = Debug|Any CPU
		{F247F8BA-22D1-4624-B5A0-F27317AFF697}.Release|Any CPU.ActiveCfg = Release|Any CPU
		{F247F8BA-22D1-4624-B5A0-F27317AFF697}.Release|Any CPU.Build.0 = Release|Any CPU
	EndGlobalSection
	GlobalSection(SolutionProperties) = preSolution
		HideSolutionNode = FALSE
	EndGlobalSection
	GlobalSection(ExtensibilityGlobals) = postSolution
		SolutionGuid = {52894810-DA6D-4789-9100-607F7BFA8C86}
	EndGlobalSection
EndGlobal
