
Microsoft Visual Studio Solution File, Format Version 12.00
# Visual Studio Version 16
VisualStudioVersion = 25.0.1706.12
MinimumVisualStudioVersion = 10.0.40219.1
Project("{FAE04EC0-301F-11D3-BF4B-00C04F79EFBC}") = "CS_basic", "CS_basic\CS_basic.csproj", "{770668E4-C24A-4C36-B1DA-E0C38772E77D}"
EndProject
Global
	GlobalSection(SolutionConfigurationPlatforms) = preSolution
		Debug|Any CPU = Debug|Any CPU
		Release|Any CPU = Release|Any CPU
	EndGlobalSection
	GlobalSection(ProjectConfigurationPlatforms) = postSolution
		{770668E4-C24A-4C36-B1DA-E0C38772E77D}.Debug|Any CPU.ActiveCfg = Debug|Any CPU
		{770668E4-C24A-4C36-B1DA-E0C38772E77D}.Debug|Any CPU.Build.0 = Debug|Any CPU
		{770668E4-C24A-4C36-B1DA-E0C38772E77D}.Release|Any CPU.ActiveCfg = Release|Any CPU
		{770668E4-C24A-4C36-B1DA-E0C38772E77D}.Release|Any CPU.Build.0 = Release|Any CPU
	EndGlobalSection
	GlobalSection(SolutionProperties) = preSolution
		HideSolutionNode = FALSE
	EndGlobalSection
	GlobalSection(ExtensibilityGlobals) = postSolution
		SolutionGuid = {C76F5F3E-FD7E-4B12-8E31-8EBBF9A24FFF}
	EndGlobalSection
EndGlobal
