
Microsoft Visual Studio Solution File, Format Version 12.00
# Visual Studio Version 16
VisualStudioVersion = 25.0.1706.12
MinimumVisualStudioVersion = 10.0.40219.1
Project("{FAE04EC0-301F-11D3-BF4B-00C04F79EFBC}") = "EX_abstract", "EX_abstract\EX_abstract.csproj", "{8100B6DE-D101-4A3B-8060-809F6A12AE4C}"
EndProject
Global
	GlobalSection(SolutionConfigurationPlatforms) = preSolution
		Debug|Any CPU = Debug|Any CPU
		Release|Any CPU = Release|Any CPU
	EndGlobalSection
	GlobalSection(ProjectConfigurationPlatforms) = postSolution
		{8100B6DE-D101-4A3B-8060-809F6A12AE4C}.Debug|Any CPU.ActiveCfg = Debug|Any CPU
		{8100B6DE-D101-4A3B-8060-809F6A12AE4C}.Debug|Any CPU.Build.0 = Debug|Any CPU
		{8100B6DE-D101-4A3B-8060-809F6A12AE4C}.Release|Any CPU.ActiveCfg = Release|Any CPU
		{8100B6DE-D101-4A3B-8060-809F6A12AE4C}.Release|Any CPU.Build.0 = Release|Any CPU
	EndGlobalSection
	GlobalSection(SolutionProperties) = preSolution
		HideSolutionNode = FALSE
	EndGlobalSection
	GlobalSection(ExtensibilityGlobals) = postSolution
		SolutionGuid = {B9EF4EB0-AD8F-4700-A83C-1A971DD0095E}
	EndGlobalSection
EndGlobal
