
Microsoft Visual Studio Solution File, Format Version 12.00
# Visual Studio Version 16
VisualStudioVersion = 25.0.1706.12
MinimumVisualStudioVersion = 10.0.40219.1
Project("{FAE04EC0-301F-11D3-BF4B-00C04F79EFBC}") = "Ex_parsowanie", "Ex_parsowanie\Ex_parsowanie.csproj", "{C395A2CE-9D36-452E-B888-1FC14CA32DDA}"
EndProject
Global
	GlobalSection(SolutionConfigurationPlatforms) = preSolution
		Debug|Any CPU = Debug|Any CPU
		Release|Any CPU = Release|Any CPU
	EndGlobalSection
	GlobalSection(ProjectConfigurationPlatforms) = postSolution
		{C395A2CE-9D36-452E-B888-1FC14CA32DDA}.Debug|Any CPU.ActiveCfg = Debug|Any CPU
		{C395A2CE-9D36-452E-B888-1FC14CA32DDA}.Debug|Any CPU.Build.0 = Debug|Any CPU
		{C395A2CE-9D36-452E-B888-1FC14CA32DDA}.Release|Any CPU.ActiveCfg = Release|Any CPU
		{C395A2CE-9D36-452E-B888-1FC14CA32DDA}.Release|Any CPU.Build.0 = Release|Any CPU
	EndGlobalSection
	GlobalSection(SolutionProperties) = preSolution
		HideSolutionNode = FALSE
	EndGlobalSection
	GlobalSection(ExtensibilityGlobals) = postSolution
		SolutionGuid = {4114D239-F1B6-4FC6-9807-704A01CF0123}
	EndGlobalSection
EndGlobal
